
Microsoft Visual Studio Solution File, Format Version 12.00
# Visual Studio Version 17
VisualStudioVersion = 17.4.33403.182
MinimumVisualStudioVersion = 10.0.40219.1
Project("{FAE04EC0-301F-11D3-BF4B-00C04F79EFBC}") = "Lr7", "Lr7\Lr7.csproj", "{79A1CA46-3C34-41FC-A50E-1F38E7245DEA}"
EndProject
Global
	GlobalSection(SolutionConfigurationPlatforms) = preSolution
		Debug|Any CPU = Debug|Any CPU
		Release|Any CPU = Release|Any CPU
	EndGlobalSection
	GlobalSection(ProjectConfigurationPlatforms) = postSolution
		{79A1CA46-3C34-41FC-A50E-1F38E7245DEA}.Debug|Any CPU.ActiveCfg = Debug|Any CPU
		{79A1CA46-3C34-41FC-A50E-1F38E7245DEA}.Debug|Any CPU.Build.0 = Debug|Any CPU
		{79A1CA46-3C34-41FC-A50E-1F38E7245DEA}.Release|Any CPU.ActiveCfg = Release|Any CPU
		{79A1CA46-3C34-41FC-A50E-1F38E7245DEA}.Release|Any CPU.Build.0 = Release|Any CPU
	EndGlobalSection
	GlobalSection(SolutionProperties) = preSolution
		HideSolutionNode = FALSE
	EndGlobalSection
	GlobalSection(ExtensibilityGlobals) = postSolution
		SolutionGuid = {3F7E4A92-A7A1-493A-AD35-9CFC539EC22E}
	EndGlobalSection
EndGlobal
